// !$*UTF8*$!
{
	archiveVersion = 1;
	classes = {
	};
	objectVersion = 46;
	objects = {

/* Begin PBXBuildFile section */
		2FC15E556A3684AD648F25C5 /* Pods_MeshKit.framework in Frameworks */ = {isa = PBXBuildFile; fileRef = A2D0B9921E37E785F31FA925 /* Pods_MeshKit.framework */; };
		82C619F51C6E5F3300A3089C /* ConfigurationViewController.swift in Sources */ = {isa = PBXBuildFile; fileRef = 82C619F31C6E5F3300A3089C /* ConfigurationViewController.swift */; };
		82C619F61C6E5F3300A3089C /* ConfigurationViewController.xib in Resources */ = {isa = PBXBuildFile; fileRef = 82C619F41C6E5F3300A3089C /* ConfigurationViewController.xib */; };
		82F5C35F1C6CE34A002E72E3 /* AppDelegate.swift in Sources */ = {isa = PBXBuildFile; fileRef = 82F5C35E1C6CE34A002E72E3 /* AppDelegate.swift */; };
		82F5C3611C6CE34A002E72E3 /* GameScene.swift in Sources */ = {isa = PBXBuildFile; fileRef = 82F5C3601C6CE34A002E72E3 /* GameScene.swift */; };
		82F5C3631C6CE34A002E72E3 /* GameScene.sks in Resources */ = {isa = PBXBuildFile; fileRef = 82F5C3621C6CE34A002E72E3 /* GameScene.sks */; };
		82F5C3651C6CE34A002E72E3 /* Assets.xcassets in Resources */ = {isa = PBXBuildFile; fileRef = 82F5C3641C6CE34A002E72E3 /* Assets.xcassets */; };
		82F5C3681C6CE34A002E72E3 /* MainMenu.xib in Resources */ = {isa = PBXBuildFile; fileRef = 82F5C3661C6CE34A002E72E3 /* MainMenu.xib */; };
		82F5C3701C6CE419002E72E3 /* MeshNode.swift in Sources */ = {isa = PBXBuildFile; fileRef = 82F5C36F1C6CE419002E72E3 /* MeshNode.swift */; };
		82F5C3721C6CF760002E72E3 /* VectorMath.swift in Sources */ = {isa = PBXBuildFile; fileRef = 82F5C3711C6CF760002E72E3 /* VectorMath.swift */; };
		82F5C3741C6D3AEC002E72E3 /* MeshPath.swift in Sources */ = {isa = PBXBuildFile; fileRef = 82F5C3731C6D3AEC002E72E3 /* MeshPath.swift */; };
/* End PBXBuildFile section */

/* Begin PBXFileReference section */
		82C619F31C6E5F3300A3089C /* ConfigurationViewController.swift */ = {isa = PBXFileReference; fileEncoding = 4; lastKnownFileType = sourcecode.swift; path = ConfigurationViewController.swift; sourceTree = "<group>"; };
		82C619F41C6E5F3300A3089C /* ConfigurationViewController.xib */ = {isa = PBXFileReference; fileEncoding = 4; lastKnownFileType = file.xib; path = ConfigurationViewController.xib; sourceTree = "<group>"; };
		82F5C35B1C6CE34A002E72E3 /* MeshKit.app */ = {isa = PBXFileReference; explicitFileType = wrapper.application; includeInIndex = 0; path = MeshKit.app; sourceTree = BUILT_PRODUCTS_DIR; };
		82F5C35E1C6CE34A002E72E3 /* AppDelegate.swift */ = {isa = PBXFileReference; lastKnownFileType = sourcecode.swift; path = AppDelegate.swift; sourceTree = "<group>"; };
		82F5C3601C6CE34A002E72E3 /* GameScene.swift */ = {isa = PBXFileReference; lastKnownFileType = sourcecode.swift; path = GameScene.swift; sourceTree = "<group>"; };
		82F5C3621C6CE34A002E72E3 /* GameScene.sks */ = {isa = PBXFileReference; lastKnownFileType = file.sks; path = GameScene.sks; sourceTree = "<group>"; };
		82F5C3641C6CE34A002E72E3 /* Assets.xcassets */ = {isa = PBXFileReference; lastKnownFileType = folder.assetcatalog; path = Assets.xcassets; sourceTree = "<group>"; };
		82F5C3671C6CE34A002E72E3 /* Base */ = {isa = PBXFileReference; lastKnownFileType = file.xib; name = Base; path = Base.lproj/MainMenu.xib; sourceTree = "<group>"; };
		82F5C3691C6CE34A002E72E3 /* Info.plist */ = {isa = PBXFileReference; lastKnownFileType = text.plist.xml; path = Info.plist; sourceTree = "<group>"; };
		82F5C36F1C6CE419002E72E3 /* MeshNode.swift */ = {isa = PBXFileReference; fileEncoding = 4; lastKnownFileType = sourcecode.swift; path = MeshNode.swift; sourceTree = "<group>"; };
		82F5C3711C6CF760002E72E3 /* VectorMath.swift */ = {isa = PBXFileReference; fileEncoding = 4; lastKnownFileType = sourcecode.swift; path = VectorMath.swift; sourceTree = "<group>"; };
		82F5C3731C6D3AEC002E72E3 /* MeshPath.swift */ = {isa = PBXFileReference; fileEncoding = 4; lastKnownFileType = sourcecode.swift; path = MeshPath.swift; sourceTree = "<group>"; };
		A2D0B9921E37E785F31FA925 /* Pods_MeshKit.framework */ = {isa = PBXFileReference; explicitFileType = wrapper.framework; includeInIndex = 0; path = Pods_MeshKit.framework; sourceTree = BUILT_PRODUCTS_DIR; };
		BA2CFD56C941E356F5115140 /* Pods-MeshKit.debug.xcconfig */ = {isa = PBXFileReference; includeInIndex = 1; lastKnownFileType = text.xcconfig; name = "Pods-MeshKit.debug.xcconfig"; path = "Pods/Target Support Files/Pods-MeshKit/Pods-MeshKit.debug.xcconfig"; sourceTree = "<group>"; };
		BEA205232624BF7E2545771B /* Pods-MeshKit.release.xcconfig */ = {isa = PBXFileReference; includeInIndex = 1; lastKnownFileType = text.xcconfig; name = "Pods-MeshKit.release.xcconfig"; path = "Pods/Target Support Files/Pods-MeshKit/Pods-MeshKit.release.xcconfig"; sourceTree = "<group>"; };
/* End PBXFileReference section */

/* Begin PBXFrameworksBuildPhase section */
		82F5C3581C6CE34A002E72E3 /* Frameworks */ = {
			isa = PBXFrameworksBuildPhase;
			buildActionMask = 2147483647;
			files = (
				2FC15E556A3684AD648F25C5 /* Pods_MeshKit.framework in Frameworks */,
			);
			runOnlyForDeploymentPostprocessing = 0;
		};
/* End PBXFrameworksBuildPhase section */

/* Begin PBXGroup section */
		2214AC56AECCBD0E3872D688 /* Pods */ = {
			isa = PBXGroup;
			children = (
				BA2CFD56C941E356F5115140 /* Pods-MeshKit.debug.xcconfig */,
				BEA205232624BF7E2545771B /* Pods-MeshKit.release.xcconfig */,
			);
			name = Pods;
			sourceTree = "<group>";
		};
		57B9FA4A61B31C2CA6E59515 /* Frameworks */ = {
			isa = PBXGroup;
			children = (
				A2D0B9921E37E785F31FA925 /* Pods_MeshKit.framework */,
			);
			name = Frameworks;
			sourceTree = "<group>";
		};
		82F5C3521C6CE34A002E72E3 = {
			isa = PBXGroup;
			children = (
				82F5C35D1C6CE34A002E72E3 /* MeshKit */,
				82F5C35C1C6CE34A002E72E3 /* Products */,
				2214AC56AECCBD0E3872D688 /* Pods */,
				57B9FA4A61B31C2CA6E59515 /* Frameworks */,
			);
			sourceTree = "<group>";
		};
		82F5C35C1C6CE34A002E72E3 /* Products */ = {
			isa = PBXGroup;
			children = (
				82F5C35B1C6CE34A002E72E3 /* MeshKit.app */,
			);
			name = Products;
			sourceTree = "<group>";
		};
		82F5C35D1C6CE34A002E72E3 /* MeshKit */ = {
			isa = PBXGroup;
			children = (
				82F5C35E1C6CE34A002E72E3 /* AppDelegate.swift */,
				82C619F31C6E5F3300A3089C /* ConfigurationViewController.swift */,
				82F5C3601C6CE34A002E72E3 /* GameScene.swift */,
				82F5C36F1C6CE419002E72E3 /* MeshNode.swift */,
				82F5C3731C6D3AEC002E72E3 /* MeshPath.swift */,
				82F5C3711C6CF760002E72E3 /* VectorMath.swift */,
				82F5C3621C6CE34A002E72E3 /* GameScene.sks */,
				82F5C3641C6CE34A002E72E3 /* Assets.xcassets */,
				82C619F41C6E5F3300A3089C /* ConfigurationViewController.xib */,
				82F5C3661C6CE34A002E72E3 /* MainMenu.xib */,
				82F5C3691C6CE34A002E72E3 /* Info.plist */,
			);
			path = MeshKit;
			sourceTree = "<group>";
		};
/* End PBXGroup section */

/* Begin PBXNativeTarget section */
		82F5C35A1C6CE34A002E72E3 /* MeshKit */ = {
			isa = PBXNativeTarget;
			buildConfigurationList = 82F5C36C1C6CE34A002E72E3 /* Build configuration list for PBXNativeTarget "MeshKit" */;
			buildPhases = (
				040DC9F3D692D0D0283B5726 /* Check Pods Manifest.lock */,
				82F5C3571C6CE34A002E72E3 /* Sources */,
				82F5C3581C6CE34A002E72E3 /* Frameworks */,
				82F5C3591C6CE34A002E72E3 /* Resources */,
				1B23D18A82B2B899DD72A6F0 /* Embed Pods Frameworks */,
				7E52AE0F7EBEDF14983EB64A /* Copy Pods Resources */,
			);
			buildRules = (
			);
			dependencies = (
			);
			name = MeshKit;
			productName = MeshKit;
			productReference = 82F5C35B1C6CE34A002E72E3 /* MeshKit.app */;
			productType = "com.apple.product-type.application";
		};
/* End PBXNativeTarget section */

/* Begin PBXProject section */
		82F5C3531C6CE34A002E72E3 /* Project object */ = {
			isa = PBXProject;
			attributes = {
				LastSwiftUpdateCheck = 0720;
				LastUpgradeCheck = 0720;
				ORGANIZATIONNAME = "Jelle De Vleeschouwer";
				TargetAttributes = {
					82F5C35A1C6CE34A002E72E3 = {
						CreatedOnToolsVersion = 7.2.1;
					};
				};
			};
			buildConfigurationList = 82F5C3561C6CE34A002E72E3 /* Build configuration list for PBXProject "MeshKit" */;
			compatibilityVersion = "Xcode 3.2";
			developmentRegion = English;
			hasScannedForEncodings = 0;
			knownRegions = (
				en,
				Base,
			);
			mainGroup = 82F5C3521C6CE34A002E72E3;
			productRefGroup = 82F5C35C1C6CE34A002E72E3 /* Products */;
			projectDirPath = "";
			projectRoot = "";
			targets = (
				82F5C35A1C6CE34A002E72E3 /* MeshKit */,
			);
		};
/* End PBXProject section */

/* Begin PBXResourcesBuildPhase section */
		82F5C3591C6CE34A002E72E3 /* Resources */ = {
			isa = PBXResourcesBuildPhase;
			buildActionMask = 2147483647;
			files = (
				82F5C3651C6CE34A002E72E3 /* Assets.xcassets in Resources */,
				82F5C3631C6CE34A002E72E3 /* GameScene.sks in Resources */,
				82F5C3681C6CE34A002E72E3 /* MainMenu.xib in Resources */,
				82C619F61C6E5F3300A3089C /* ConfigurationViewController.xib in Resources */,
			);
			runOnlyForDeploymentPostprocessing = 0;
		};
/* End PBXResourcesBuildPhase section */

/* Begin PBXShellScriptBuildPhase section */
		040DC9F3D692D0D0283B5726 /* Check Pods Manifest.lock */ = {
			isa = PBXShellScriptBuildPhase;
			buildActionMask = 2147483647;
			files = (
			);
			inputPaths = (
			);
			name = "Check Pods Manifest.lock";
			outputPaths = (
			);
			runOnlyForDeploymentPostprocessing = 0;
			shellPath = /bin/sh;
			shellScript = "diff \"${PODS_ROOT}/../Podfile.lock\" \"${PODS_ROOT}/Manifest.lock\" > /dev/null\nif [[ $? != 0 ]] ; then\n    cat << EOM\nerror: The sandbox is not in sync with the Podfile.lock. Run 'pod install' or update your CocoaPods installation.\nEOM\n    exit 1\nfi\n";
			showEnvVarsInLog = 0;
		};
		1B23D18A82B2B899DD72A6F0 /* Embed Pods Frameworks */ = {
			isa = PBXShellScriptBuildPhase;
			buildActionMask = 2147483647;
			files = (
			);
			inputPaths = (
			);
			name = "Embed Pods Frameworks";
			outputPaths = (
			);
			runOnlyForDeploymentPostprocessing = 0;
			shellPath = /bin/sh;
			shellScript = "\"${SRCROOT}/Pods/Target Support Files/Pods-MeshKit/Pods-MeshKit-frameworks.sh\"\n";
			showEnvVarsInLog = 0;
		};
		7E52AE0F7EBEDF14983EB64A /* Copy Pods Resources */ = {
			isa = PBXShellScriptBuildPhase;
			buildActionMask = 2147483647;
			files = (
			);
			inputPaths = (
			);
			name = "Copy Pods Resources";
			outputPaths = (
			);
			runOnlyForDeploymentPostprocessing = 0;
			shellPath = /bin/sh;
			shellScript = "\"${SRCROOT}/Pods/Target Support Files/Pods-MeshKit/Pods-MeshKit-resources.sh\"\n";
			showEnvVarsInLog = 0;
		};
/* End PBXShellScriptBuildPhase section */

/* Begin PBXSourcesBuildPhase section */
		82F5C3571C6CE34A002E72E3 /* Sources */ = {
			isa = PBXSourcesBuildPhase;
			buildActionMask = 2147483647;
			files = (
				82F5C3721C6CF760002E72E3 /* VectorMath.swift in Sources */,
				82F5C3701C6CE419002E72E3 /* MeshNode.swift in Sources */,
				82F5C3611C6CE34A002E72E3 /* GameScene.swift in Sources */,
				82F5C35F1C6CE34A002E72E3 /* AppDelegate.swift in Sources */,
				82F5C3741C6D3AEC002E72E3 /* MeshPath.swift in Sources */,
				82C619F51C6E5F3300A3089C /* ConfigurationViewController.swift in Sources */,
			);
			runOnlyForDeploymentPostprocessing = 0;
		};
/* End PBXSourcesBuildPhase section */

/* Begin PBXVariantGroup section */
		82F5C3661C6CE34A002E72E3 /* MainMenu.xib */ = {
			isa = PBXVariantGroup;
			children = (
				82F5C3671C6CE34A002E72E3 /* Base */,
			);
			name = MainMenu.xib;
			sourceTree = "<group>";
		};
/* End PBXVariantGroup section */

/* Begin XCBuildConfiguration section */
		82F5C36A1C6CE34A002E72E3 /* Debug */ = {
			isa = XCBuildConfiguration;
			buildSettings = {
				ALWAYS_SEARCH_USER_PATHS = NO;
				CLANG_CXX_LANGUAGE_STANDARD = "gnu++0x";
				CLANG_CXX_LIBRARY = "libc++";
				CLANG_ENABLE_MODULES = YES;
				CLANG_ENABLE_OBJC_ARC = YES;
				CLANG_WARN_BOOL_CONVERSION = YES;
				CLANG_WARN_CONSTANT_CONVERSION = YES;
				CLANG_WARN_DIRECT_OBJC_ISA_USAGE = YES_ERROR;
				CLANG_WARN_EMPTY_BODY = YES;
				CLANG_WARN_ENUM_CONVERSION = YES;
				CLANG_WARN_INT_CONVERSION = YES;
				CLANG_WARN_OBJC_ROOT_CLASS = YES_ERROR;
				CLANG_WARN_UNREACHABLE_CODE = YES;
				CLANG_WARN__DUPLICATE_METHOD_MATCH = YES;
				CODE_SIGN_IDENTITY = "-";
				COPY_PHASE_STRIP = NO;
				DEBUG_INFORMATION_FORMAT = "dwarf-with-dsym";
				ENABLE_STRICT_OBJC_MSGSEND = YES;
				ENABLE_TESTABILITY = YES;
				GCC_C_LANGUAGE_STANDARD = gnu99;
				GCC_DYNAMIC_NO_PIC = NO;
				GCC_NO_COMMON_BLOCKS = YES;
				GCC_OPTIMIZATION_LEVEL = 0;
				GCC_PREPROCESSOR_DEFINITIONS = (
					"DEBUG=1",
					"$(inherited)",
				);
				GCC_WARN_64_TO_32_BIT_CONVERSION = YES;
				GCC_WARN_ABOUT_RETURN_TYPE = YES_ERROR;
				GCC_WARN_UNDECLARED_SELECTOR = YES;
				GCC_WARN_UNINITIALIZED_AUTOS = YES_AGGRESSIVE;
				GCC_WARN_UNUSED_FUNCTION = YES;
				GCC_WARN_UNUSED_VARIABLE = YES;
				MACOSX_DEPLOYMENT_TARGET = 10.11;
				MTL_ENABLE_DEBUG_INFO = YES;
				ONLY_ACTIVE_ARCH = YES;
				SDKROOT = macosx;
				SWIFT_OPTIMIZATION_LEVEL = "-Onone";
			};
			name = Debug;
		};
		82F5C36B1C6CE34A002E72E3 /* Release */ = {
			isa = XCBuildConfiguration;
			buildSettings = {
				ALWAYS_SEARCH_USER_PATHS = NO;
				CLANG_CXX_LANGUAGE_STANDARD = "gnu++0x";
				CLANG_CXX_LIBRARY = "libc++";
				CLANG_ENABLE_MODULES = YES;
				CLANG_ENABLE_OBJC_ARC = YES;
				CLANG_WARN_BOOL_CONVERSION = YES;
				CLANG_WARN_CONSTANT_CONVERSION = YES;
				CLANG_WARN_DIRECT_OBJC_ISA_USAGE = YES_ERROR;
				CLANG_WARN_EMPTY_BODY = YES;
				CLANG_WARN_ENUM_CONVERSION = YES;
				CLANG_WARN_INT_CONVERSION = YES;
				CLANG_WARN_OBJC_ROOT_CLASS = YES_ERROR;
				CLANG_WARN_UNREACHABLE_CODE = YES;
				CLANG_WARN__DUPLICATE_METHOD_MATCH = YES;
				CODE_SIGN_IDENTITY = "-";
				COPY_PHASE_STRIP = NO;
				DEBUG_INFORMATION_FORMAT = "dwarf-with-dsym";
				ENABLE_NS_ASSERTIONS = NO;
				ENABLE_STRICT_OBJC_MSGSEND = YES;
				GCC_C_LANGUAGE_STANDARD = gnu99;
				GCC_NO_COMMON_BLOCKS = YES;
				GCC_WARN_64_TO_32_BIT_CONVERSION = YES;
				GCC_WARN_ABOUT_RETURN_TYPE = YES_ERROR;
				GCC_WARN_UNDECLARED_SELECTOR = YES;
				GCC_WARN_UNINITIALIZED_AUTOS = YES_AGGRESSIVE;
				GCC_WARN_UNUSED_FUNCTION = YES;
				GCC_WARN_UNUSED_VARIABLE = YES;
				MACOSX_DEPLOYMENT_TARGET = 10.11;
				MTL_ENABLE_DEBUG_INFO = NO;
				SDKROOT = macosx;
			};
			name = Release;
		};
		82F5C36D1C6CE34A002E72E3 /* Debug */ = {
			isa = XCBuildConfiguration;
			baseConfigurationReference = BA2CFD56C941E356F5115140 /* Pods-MeshKit.debug.xcconfig */;
			buildSettings = {
				ASSETCATALOG_COMPILER_APPICON_NAME = AppIcon;
				COMBINE_HIDPI_IMAGES = YES;
				INFOPLIST_FILE = MeshKit/Info.plist;
				LD_RUNPATH_SEARCH_PATHS = "$(inherited) @executable_path/../Frameworks";
				PRODUCT_BUNDLE_IDENTIFIER = be.belinprotech.MeshKit;
				PRODUCT_NAME = "$(TARGET_NAME)";
			};
			name = Debug;
		};
		82F5C36E1C6CE34A002E72E3 /* Release */ = {
			isa = XCBuildConfiguration;
			baseConfigurationReference = BEA205232624BF7E2545771B /* Pods-MeshKit.release.xcconfig */;
			buildSettings = {
				ASSETCATALOG_COMPILER_APPICON_NAME = AppIcon;
				COMBINE_HIDPI_IMAGES = YES;
				INFOPLIST_FILE = MeshKit/Info.plist;
				LD_RUNPATH_SEARCH_PATHS = "$(inherited) @executable_path/../Frameworks";
				PRODUCT_BUNDLE_IDENTIFIER = be.belinprotech.MeshKit;
				PRODUCT_NAME = "$(TARGET_NAME)";
			};
			name = Release;
		};
/* End XCBuildConfiguration section */

/* Begin XCConfigurationList section */
		82F5C3561C6CE34A002E72E3 /* Build configuration list for PBXProject "MeshKit" */ = {
			isa = XCConfigurationList;
			buildConfigurations = (
				82F5C36A1C6CE34A002E72E3 /* Debug */,
				82F5C36B1C6CE34A002E72E3 /* Release */,
			);
			defaultConfigurationIsVisible = 0;
			defaultConfigurationName = Release;
		};
		82F5C36C1C6CE34A002E72E3 /* Build configuration list for PBXNativeTarget "MeshKit" */ = {
			isa = XCConfigurationList;
			buildConfigurations = (
				82F5C36D1C6CE34A002E72E3 /* Debug */,
				82F5C36E1C6CE34A002E72E3 /* Release */,
			);
			defaultConfigurationIsVisible = 0;
			defaultConfigurationName = Release;
		};
/* End XCConfigurationList section */
	};
	rootObject = 82F5C3531C6CE34A002E72E3 /* Project object */;
}
